{
  "name": "mjs-path",
  "version": "1.0.0",
  "lockfileVersion": 1,
  "requires": true,
  "dependencies": {
    "@lcf.vs/curryable": {
      "version": "1.0.4",
      "resolved": "https://registry.npmjs.org/@lcf.vs/curryable/-/curryable-1.0.4.tgz",
      "integrity": "sha512-Kky726qnCTgcfLZXPJl6z4t/yY37o0zUMQdn+uluFEHf6eXA+J92FmhPYGVIKYY/AezIFj+DWPhGWnRy+woDnQ=="
    },
    "@lcf.vs/object": {
      "version": "1.0.2",
      "resolved": "https://registry.npmjs.org/@lcf.vs/object/-/object-1.0.2.tgz",
      "integrity": "sha512-PENCm1KTUdd0rQ7LSuGnJW1IqYUXvjwK7wcwwfU79DgMz/oEWZG6YSQe2Pp6P7DGHn+ijDokp5zpLg1MCgqWJQ=="
    }
  }
}
